
Microsoft Visual Studio Solution File, Format Version 12.00
Project("{FAE04EC0-301F-11D3-BF4B-00C04F79EFBC}") = "Grasshoppers", "Grasshoppers.csproj", "{D772312D-8BED-4F0F-A74A-ACD085FE9694}"
EndProject
Global
	GlobalSection(SolutionConfigurationPlatforms) = preSolution
		Debug|Any CPU = Debug|Any CPU
		Release|Any CPU = Release|Any CPU
	EndGlobalSection
	GlobalSection(ProjectConfigurationPlatforms) = postSolution
		{D772312D-8BED-4F0F-A74A-ACD085FE9694}.Debug|Any CPU.ActiveCfg = Debug|Any CPU
		{D772312D-8BED-4F0F-A74A-ACD085FE9694}.Debug|Any CPU.Build.0 = Debug|Any CPU
		{D772312D-8BED-4F0F-A74A-ACD085FE9694}.Release|Any CPU.ActiveCfg = Release|Any CPU
		{D772312D-8BED-4F0F-A74A-ACD085FE9694}.Release|Any CPU.Build.0 = Release|Any CPU
	EndGlobalSection
EndGlobal
